
Microsoft Visual Studio Solution File, Format Version 12.00
# Visual Studio Version 17
VisualStudioVersion = 17.4.33205.214
MinimumVisualStudioVersion = 10.0.40219.1
Project("{FAE04EC0-301F-11D3-BF4B-00C04F79EFBC}") = "CalculatorWebsite", "CalculatorWebsite.csproj", "{1860E2B0-2C75-4427-8C4D-B3C6805B05CC}"
EndProject
Global
	GlobalSection(SolutionConfigurationPlatforms) = preSolution
		Debug|Any CPU = Debug|Any CPU
		Release|Any CPU = Release|Any CPU
	EndGlobalSection
	GlobalSection(ProjectConfigurationPlatforms) = postSolution
		{1860E2B0-2C75-4427-8C4D-B3C6805B05CC}.Debug|Any CPU.ActiveCfg = Debug|Any CPU
		{1860E2B0-2C75-4427-8C4D-B3C6805B05CC}.Debug|Any CPU.Build.0 = Debug|Any CPU
		{1860E2B0-2C75-4427-8C4D-B3C6805B05CC}.Release|Any CPU.ActiveCfg = Release|Any CPU
		{1860E2B0-2C75-4427-8C4D-B3C6805B05CC}.Release|Any CPU.Build.0 = Release|Any CPU
	EndGlobalSection
	GlobalSection(SolutionProperties) = preSolution
		HideSolutionNode = FALSE
	EndGlobalSection
	GlobalSection(ExtensibilityGlobals) = postSolution
		SolutionGuid = {BBB85735-A708-4709-9902-1FDCD4753773}
	EndGlobalSection
EndGlobal
